// !$*UTF8*$!
{
	archiveVersion = 1;
	classes = {
	};
	objectVersion = 56;
	objects = {

/* Begin PBXBuildFile section */
		39A7187DE6A45F258546A8BB /* Pods_RxSwiftTutorialApp.framework in Frameworks */ = {isa = PBXBuildFile; fileRef = 9039BD54646A261B3E2D8BBC /* Pods_RxSwiftTutorialApp.framework */; };
		77E32B0A2B58551700469EF7 /* AppDelegate.swift in Sources */ = {isa = PBXBuildFile; fileRef = 77E32B092B58551700469EF7 /* AppDelegate.swift */; };
		77E32B0C2B58551700469EF7 /* SceneDelegate.swift in Sources */ = {isa = PBXBuildFile; fileRef = 77E32B0B2B58551700469EF7 /* SceneDelegate.swift */; };
		77E32B0E2B58551700469EF7 /* ViewController.swift in Sources */ = {isa = PBXBuildFile; fileRef = 77E32B0D2B58551700469EF7 /* ViewController.swift */; };
		77E32B132B58553B00469EF7 /* Assets.xcassets in Resources */ = {isa = PBXBuildFile; fileRef = 77E32B122B58553B00469EF7 /* Assets.xcassets */; };
		77E32B162B58553B00469EF7 /* LaunchScreen.storyboard in Resources */ = {isa = PBXBuildFile; fileRef = 77E32B142B58553B00469EF7 /* LaunchScreen.storyboard */; };
		77E32B1E2B5858CF00469EF7 /* ProductViewModel.swift in Sources */ = {isa = PBXBuildFile; fileRef = 77E32B1D2B5858CF00469EF7 /* ProductViewModel.swift */; };
		77E32B202B58593900469EF7 /* ProductModel.swift in Sources */ = {isa = PBXBuildFile; fileRef = 77E32B1F2B58593900469EF7 /* ProductModel.swift */; };
		77E32B222B586CD900469EF7 /* SecondViewController.swift in Sources */ = {isa = PBXBuildFile; fileRef = 77E32B212B586CD900469EF7 /* SecondViewController.swift */; };
		77E32B242B5AFA9900469EF7 /* ThirdViewController.swift in Sources */ = {isa = PBXBuildFile; fileRef = 77E32B232B5AFA9900469EF7 /* ThirdViewController.swift */; };
		77E32B262B5BDCCB00469EF7 /* FourthViewController.swift in Sources */ = {isa = PBXBuildFile; fileRef = 77E32B252B5BDCCB00469EF7 /* FourthViewController.swift */; };
		77E32B282B5D39D500469EF7 /* FivethViewController.swift in Sources */ = {isa = PBXBuildFile; fileRef = 77E32B272B5D39D500469EF7 /* FivethViewController.swift */; };
		77E32B2A2B5DABD700469EF7 /* DetailFivethViewController.swift in Sources */ = {isa = PBXBuildFile; fileRef = 77E32B292B5DABD600469EF7 /* DetailFivethViewController.swift */; };
		77E32B2C2B62EE0E00469EF7 /* SixViewController.swift in Sources */ = {isa = PBXBuildFile; fileRef = 77E32B2B2B62EE0E00469EF7 /* SixViewController.swift */; };
/* End PBXBuildFile section */

/* Begin PBXFileReference section */
		372B9D53FB540E970CB144C4 /* Pods-RxSwiftTutorialApp.debug.xcconfig */ = {isa = PBXFileReference; includeInIndex = 1; lastKnownFileType = text.xcconfig; name = "Pods-RxSwiftTutorialApp.debug.xcconfig"; path = "Target Support Files/Pods-RxSwiftTutorialApp/Pods-RxSwiftTutorialApp.debug.xcconfig"; sourceTree = "<group>"; };
		6F94E52D9CC0F80A9E7ECAE9 /* Pods-RxSwiftTutorialApp.release.xcconfig */ = {isa = PBXFileReference; includeInIndex = 1; lastKnownFileType = text.xcconfig; name = "Pods-RxSwiftTutorialApp.release.xcconfig"; path = "Target Support Files/Pods-RxSwiftTutorialApp/Pods-RxSwiftTutorialApp.release.xcconfig"; sourceTree = "<group>"; };
		77E32B062B58551600469EF7 /* RxSwiftTutorialApp.app */ = {isa = PBXFileReference; explicitFileType = wrapper.application; includeInIndex = 0; path = RxSwiftTutorialApp.app; sourceTree = BUILT_PRODUCTS_DIR; };
		77E32B092B58551700469EF7 /* AppDelegate.swift */ = {isa = PBXFileReference; lastKnownFileType = sourcecode.swift; path = AppDelegate.swift; sourceTree = "<group>"; };
		77E32B0B2B58551700469EF7 /* SceneDelegate.swift */ = {isa = PBXFileReference; lastKnownFileType = sourcecode.swift; path = SceneDelegate.swift; sourceTree = "<group>"; };
		77E32B0D2B58551700469EF7 /* ViewController.swift */ = {isa = PBXFileReference; lastKnownFileType = sourcecode.swift; path = ViewController.swift; sourceTree = "<group>"; };
		77E32B122B58553B00469EF7 /* Assets.xcassets */ = {isa = PBXFileReference; lastKnownFileType = folder.assetcatalog; path = Assets.xcassets; sourceTree = "<group>"; };
		77E32B152B58553B00469EF7 /* Base */ = {isa = PBXFileReference; lastKnownFileType = file.storyboard; name = Base; path = Base.lproj/LaunchScreen.storyboard; sourceTree = "<group>"; };
		77E32B172B58553B00469EF7 /* Info.plist */ = {isa = PBXFileReference; lastKnownFileType = text.plist.xml; path = Info.plist; sourceTree = "<group>"; };
		77E32B1D2B5858CF00469EF7 /* ProductViewModel.swift */ = {isa = PBXFileReference; lastKnownFileType = sourcecode.swift; path = ProductViewModel.swift; sourceTree = "<group>"; };
		77E32B1F2B58593900469EF7 /* ProductModel.swift */ = {isa = PBXFileReference; lastKnownFileType = sourcecode.swift; path = ProductModel.swift; sourceTree = "<group>"; };
		77E32B212B586CD900469EF7 /* SecondViewController.swift */ = {isa = PBXFileReference; lastKnownFileType = sourcecode.swift; path = SecondViewController.swift; sourceTree = "<group>"; };
		77E32B232B5AFA9900469EF7 /* ThirdViewController.swift */ = {isa = PBXFileReference; lastKnownFileType = sourcecode.swift; path = ThirdViewController.swift; sourceTree = "<group>"; };
		77E32B252B5BDCCB00469EF7 /* FourthViewController.swift */ = {isa = PBXFileReference; lastKnownFileType = sourcecode.swift; path = FourthViewController.swift; sourceTree = "<group>"; };
		77E32B272B5D39D500469EF7 /* FivethViewController.swift */ = {isa = PBXFileReference; lastKnownFileType = sourcecode.swift; path = FivethViewController.swift; sourceTree = "<group>"; };
		77E32B292B5DABD600469EF7 /* DetailFivethViewController.swift */ = {isa = PBXFileReference; lastKnownFileType = sourcecode.swift; path = DetailFivethViewController.swift; sourceTree = "<group>"; };
		77E32B2B2B62EE0E00469EF7 /* SixViewController.swift */ = {isa = PBXFileReference; lastKnownFileType = sourcecode.swift; path = SixViewController.swift; sourceTree = "<group>"; };
		9039BD54646A261B3E2D8BBC /* Pods_RxSwiftTutorialApp.framework */ = {isa = PBXFileReference; explicitFileType = wrapper.framework; includeInIndex = 0; path = Pods_RxSwiftTutorialApp.framework; sourceTree = BUILT_PRODUCTS_DIR; };
/* End PBXFileReference section */

/* Begin PBXFrameworksBuildPhase section */
		77E32B032B58551600469EF7 /* Frameworks */ = {
			isa = PBXFrameworksBuildPhase;
			buildActionMask = 2147483647;
			files = (
				39A7187DE6A45F258546A8BB /* Pods_RxSwiftTutorialApp.framework in Frameworks */,
			);
			runOnlyForDeploymentPostprocessing = 0;
		};
/* End PBXFrameworksBuildPhase section */

/* Begin PBXGroup section */
		21589134C6FFFA2AAE192394 /* Frameworks */ = {
			isa = PBXGroup;
			children = (
				9039BD54646A261B3E2D8BBC /* Pods_RxSwiftTutorialApp.framework */,
			);
			name = Frameworks;
			sourceTree = "<group>";
		};
		77E32AFD2B58551600469EF7 = {
			isa = PBXGroup;
			children = (
				77E32B082B58551600469EF7 /* RxSwiftTutorialApp */,
				77E32B072B58551600469EF7 /* Products */,
				9ABBFD8C3481FC3FBBF20E3D /* Pods */,
				21589134C6FFFA2AAE192394 /* Frameworks */,
			);
			sourceTree = "<group>";
		};
		77E32B072B58551600469EF7 /* Products */ = {
			isa = PBXGroup;
			children = (
				77E32B062B58551600469EF7 /* RxSwiftTutorialApp.app */,
			);
			name = Products;
			sourceTree = "<group>";
		};
		77E32B082B58551600469EF7 /* RxSwiftTutorialApp */ = {
			isa = PBXGroup;
			children = (
				77E32B092B58551700469EF7 /* AppDelegate.swift */,
				77E32B212B586CD900469EF7 /* SecondViewController.swift */,
				77E32B0B2B58551700469EF7 /* SceneDelegate.swift */,
				77E32B0D2B58551700469EF7 /* ViewController.swift */,
				77E32B272B5D39D500469EF7 /* FivethViewController.swift */,
				77E32B292B5DABD600469EF7 /* DetailFivethViewController.swift */,
				77E32B232B5AFA9900469EF7 /* ThirdViewController.swift */,
				77E32B252B5BDCCB00469EF7 /* FourthViewController.swift */,
				77E32B122B58553B00469EF7 /* Assets.xcassets */,
				77E32B142B58553B00469EF7 /* LaunchScreen.storyboard */,
				77E32B172B58553B00469EF7 /* Info.plist */,
				77E32B1F2B58593900469EF7 /* ProductModel.swift */,
				77E32B1D2B5858CF00469EF7 /* ProductViewModel.swift */,
				77E32B2B2B62EE0E00469EF7 /* SixViewController.swift */,
			);
			path = RxSwiftTutorialApp;
			sourceTree = "<group>";
		};
		9ABBFD8C3481FC3FBBF20E3D /* Pods */ = {
			isa = PBXGroup;
			children = (
				372B9D53FB540E970CB144C4 /* Pods-RxSwiftTutorialApp.debug.xcconfig */,
				6F94E52D9CC0F80A9E7ECAE9 /* Pods-RxSwiftTutorialApp.release.xcconfig */,
			);
			path = Pods;
			sourceTree = "<group>";
		};
/* End PBXGroup section */

/* Begin PBXNativeTarget section */
		77E32B052B58551600469EF7 /* RxSwiftTutorialApp */ = {
			isa = PBXNativeTarget;
			buildConfigurationList = 77E32B1A2B58553B00469EF7 /* Build configuration list for PBXNativeTarget "RxSwiftTutorialApp" */;
			buildPhases = (
				8B548D252C786A1069A90FAA /* [CP] Check Pods Manifest.lock */,
				77E32B022B58551600469EF7 /* Sources */,
				77E32B032B58551600469EF7 /* Frameworks */,
				77E32B042B58551600469EF7 /* Resources */,
				4F33509BAC1F532DAFFFB52C /* [CP] Embed Pods Frameworks */,
			);
			buildRules = (
			);
			dependencies = (
			);
			name = RxSwiftTutorialApp;
			productName = RxSwiftTutorialApp;
			productReference = 77E32B062B58551600469EF7 /* RxSwiftTutorialApp.app */;
			productType = "com.apple.product-type.application";
		};
/* End PBXNativeTarget section */

/* Begin PBXProject section */
		77E32AFE2B58551600469EF7 /* Project object */ = {
			isa = PBXProject;
			attributes = {
				BuildIndependentTargetsInParallel = 1;
				LastSwiftUpdateCheck = 1410;
				LastUpgradeCheck = 1410;
				TargetAttributes = {
					77E32B052B58551600469EF7 = {
						CreatedOnToolsVersion = 14.1;
					};
				};
			};
			buildConfigurationList = 77E32B012B58551600469EF7 /* Build configuration list for PBXProject "RxSwiftTutorialApp" */;
			compatibilityVersion = "Xcode 14.0";
			developmentRegion = en;
			hasScannedForEncodings = 0;
			knownRegions = (
				en,
				Base,
			);
			mainGroup = 77E32AFD2B58551600469EF7;
			productRefGroup = 77E32B072B58551600469EF7 /* Products */;
			projectDirPath = "";
			projectRoot = "";
			targets = (
				77E32B052B58551600469EF7 /* RxSwiftTutorialApp */,
			);
		};
/* End PBXProject section */

/* Begin PBXResourcesBuildPhase section */
		77E32B042B58551600469EF7 /* Resources */ = {
			isa = PBXResourcesBuildPhase;
			buildActionMask = 2147483647;
			files = (
				77E32B162B58553B00469EF7 /* LaunchScreen.storyboard in Resources */,
				77E32B132B58553B00469EF7 /* Assets.xcassets in Resources */,
			);
			runOnlyForDeploymentPostprocessing = 0;
		};
/* End PBXResourcesBuildPhase section */

/* Begin PBXShellScriptBuildPhase section */
		4F33509BAC1F532DAFFFB52C /* [CP] Embed Pods Frameworks */ = {
			isa = PBXShellScriptBuildPhase;
			buildActionMask = 2147483647;
			files = (
			);
			inputFileListPaths = (
				"${PODS_ROOT}/Target Support Files/Pods-RxSwiftTutorialApp/Pods-RxSwiftTutorialApp-frameworks-${CONFIGURATION}-input-files.xcfilelist",
			);
			name = "[CP] Embed Pods Frameworks";
			outputFileListPaths = (
				"${PODS_ROOT}/Target Support Files/Pods-RxSwiftTutorialApp/Pods-RxSwiftTutorialApp-frameworks-${CONFIGURATION}-output-files.xcfilelist",
			);
			runOnlyForDeploymentPostprocessing = 0;
			shellPath = /bin/sh;
			shellScript = "\"${PODS_ROOT}/Target Support Files/Pods-RxSwiftTutorialApp/Pods-RxSwiftTutorialApp-frameworks.sh\"\n";
			showEnvVarsInLog = 0;
		};
		8B548D252C786A1069A90FAA /* [CP] Check Pods Manifest.lock */ = {
			isa = PBXShellScriptBuildPhase;
			buildActionMask = 2147483647;
			files = (
			);
			inputFileListPaths = (
			);
			inputPaths = (
				"${PODS_PODFILE_DIR_PATH}/Podfile.lock",
				"${PODS_ROOT}/Manifest.lock",
			);
			name = "[CP] Check Pods Manifest.lock";
			outputFileListPaths = (
			);
			outputPaths = (
				"$(DERIVED_FILE_DIR)/Pods-RxSwiftTutorialApp-checkManifestLockResult.txt",
			);
			runOnlyForDeploymentPostprocessing = 0;
			shellPath = /bin/sh;
			shellScript = "diff \"${PODS_PODFILE_DIR_PATH}/Podfile.lock\" \"${PODS_ROOT}/Manifest.lock\" > /dev/null\nif [ $? != 0 ] ; then\n    # print error to STDERR\n    echo \"error: The sandbox is not in sync with the Podfile.lock. Run 'pod install' or update your CocoaPods installation.\" >&2\n    exit 1\nfi\n# This output is used by Xcode 'outputs' to avoid re-running this script phase.\necho \"SUCCESS\" > \"${SCRIPT_OUTPUT_FILE_0}\"\n";
			showEnvVarsInLog = 0;
		};
/* End PBXShellScriptBuildPhase section */

/* Begin PBXSourcesBuildPhase section */
		77E32B022B58551600469EF7 /* Sources */ = {
			isa = PBXSourcesBuildPhase;
			buildActionMask = 2147483647;
			files = (
				77E32B2A2B5DABD700469EF7 /* DetailFivethViewController.swift in Sources */,
				77E32B222B586CD900469EF7 /* SecondViewController.swift in Sources */,
				77E32B0E2B58551700469EF7 /* ViewController.swift in Sources */,
				77E32B0A2B58551700469EF7 /* AppDelegate.swift in Sources */,
				77E32B2C2B62EE0E00469EF7 /* SixViewController.swift in Sources */,
				77E32B242B5AFA9900469EF7 /* ThirdViewController.swift in Sources */,
				77E32B262B5BDCCB00469EF7 /* FourthViewController.swift in Sources */,
				77E32B1E2B5858CF00469EF7 /* ProductViewModel.swift in Sources */,
				77E32B0C2B58551700469EF7 /* SceneDelegate.swift in Sources */,
				77E32B202B58593900469EF7 /* ProductModel.swift in Sources */,
				77E32B282B5D39D500469EF7 /* FivethViewController.swift in Sources */,
			);
			runOnlyForDeploymentPostprocessing = 0;
		};
/* End PBXSourcesBuildPhase section */

/* Begin PBXVariantGroup section */
		77E32B142B58553B00469EF7 /* LaunchScreen.storyboard */ = {
			isa = PBXVariantGroup;
			children = (
				77E32B152B58553B00469EF7 /* Base */,
			);
			name = LaunchScreen.storyboard;
			sourceTree = "<group>";
		};
/* End PBXVariantGroup section */

/* Begin XCBuildConfiguration section */
		77E32B182B58553B00469EF7 /* Debug */ = {
			isa = XCBuildConfiguration;
			buildSettings = {
				ALWAYS_SEARCH_USER_PATHS = NO;
				CLANG_ANALYZER_NONNULL = YES;
				CLANG_ANALYZER_NUMBER_OBJECT_CONVERSION = YES_AGGRESSIVE;
				CLANG_CXX_LANGUAGE_STANDARD = "gnu++20";
				CLANG_ENABLE_MODULES = YES;
				CLANG_ENABLE_OBJC_ARC = YES;
				CLANG_ENABLE_OBJC_WEAK = YES;
				CLANG_WARN_BLOCK_CAPTURE_AUTORELEASING = YES;
				CLANG_WARN_BOOL_CONVERSION = YES;
				CLANG_WARN_COMMA = YES;
				CLANG_WARN_CONSTANT_CONVERSION = YES;
				CLANG_WARN_DEPRECATED_OBJC_IMPLEMENTATIONS = YES;
				CLANG_WARN_DIRECT_OBJC_ISA_USAGE = YES_ERROR;
				CLANG_WARN_DOCUMENTATION_COMMENTS = YES;
				CLANG_WARN_EMPTY_BODY = YES;
				CLANG_WARN_ENUM_CONVERSION = YES;
				CLANG_WARN_INFINITE_RECURSION = YES;
				CLANG_WARN_INT_CONVERSION = YES;
				CLANG_WARN_NON_LITERAL_NULL_CONVERSION = YES;
				CLANG_WARN_OBJC_IMPLICIT_RETAIN_SELF = YES;
				CLANG_WARN_OBJC_LITERAL_CONVERSION = YES;
				CLANG_WARN_OBJC_ROOT_CLASS = YES_ERROR;
				CLANG_WARN_QUOTED_INCLUDE_IN_FRAMEWORK_HEADER = YES;
				CLANG_WARN_RANGE_LOOP_ANALYSIS = YES;
				CLANG_WARN_STRICT_PROTOTYPES = YES;
				CLANG_WARN_SUSPICIOUS_MOVE = YES;
				CLANG_WARN_UNGUARDED_AVAILABILITY = YES_AGGRESSIVE;
				CLANG_WARN_UNREACHABLE_CODE = YES;
				CLANG_WARN__DUPLICATE_METHOD_MATCH = YES;
				COPY_PHASE_STRIP = NO;
				DEBUG_INFORMATION_FORMAT = dwarf;
				ENABLE_STRICT_OBJC_MSGSEND = YES;
				ENABLE_TESTABILITY = YES;
				GCC_C_LANGUAGE_STANDARD = gnu11;
				GCC_DYNAMIC_NO_PIC = NO;
				GCC_NO_COMMON_BLOCKS = YES;
				GCC_OPTIMIZATION_LEVEL = 0;
				GCC_PREPROCESSOR_DEFINITIONS = (
					"DEBUG=1",
					"$(inherited)",
				);
				GCC_WARN_64_TO_32_BIT_CONVERSION = YES;
				GCC_WARN_ABOUT_RETURN_TYPE = YES_ERROR;
				GCC_WARN_UNDECLARED_SELECTOR = YES;
				GCC_WARN_UNINITIALIZED_AUTOS = YES_AGGRESSIVE;
				GCC_WARN_UNUSED_FUNCTION = YES;
				GCC_WARN_UNUSED_VARIABLE = YES;
				IPHONEOS_DEPLOYMENT_TARGET = 16.1;
				MTL_ENABLE_DEBUG_INFO = INCLUDE_SOURCE;
				MTL_FAST_MATH = YES;
				ONLY_ACTIVE_ARCH = YES;
				SDKROOT = iphoneos;
				SWIFT_ACTIVE_COMPILATION_CONDITIONS = DEBUG;
				SWIFT_OPTIMIZATION_LEVEL = "-Onone";
			};
			name = Debug;
		};
		77E32B192B58553B00469EF7 /* Release */ = {
			isa = XCBuildConfiguration;
			buildSettings = {
				ALWAYS_SEARCH_USER_PATHS = NO;
				CLANG_ANALYZER_NONNULL = YES;
				CLANG_ANALYZER_NUMBER_OBJECT_CONVERSION = YES_AGGRESSIVE;
				CLANG_CXX_LANGUAGE_STANDARD = "gnu++20";
				CLANG_ENABLE_MODULES = YES;
				CLANG_ENABLE_OBJC_ARC = YES;
				CLANG_ENABLE_OBJC_WEAK = YES;
				CLANG_WARN_BLOCK_CAPTURE_AUTORELEASING = YES;
				CLANG_WARN_BOOL_CONVERSION = YES;
				CLANG_WARN_COMMA = YES;
				CLANG_WARN_CONSTANT_CONVERSION = YES;
				CLANG_WARN_DEPRECATED_OBJC_IMPLEMENTATIONS = YES;
				CLANG_WARN_DIRECT_OBJC_ISA_USAGE = YES_ERROR;
				CLANG_WARN_DOCUMENTATION_COMMENTS = YES;
				CLANG_WARN_EMPTY_BODY = YES;
				CLANG_WARN_ENUM_CONVERSION = YES;
				CLANG_WARN_INFINITE_RECURSION = YES;
				CLANG_WARN_INT_CONVERSION = YES;
				CLANG_WARN_NON_LITERAL_NULL_CONVERSION = YES;
				CLANG_WARN_OBJC_IMPLICIT_RETAIN_SELF = YES;
				CLANG_WARN_OBJC_LITERAL_CONVERSION = YES;
				CLANG_WARN_OBJC_ROOT_CLASS = YES_ERROR;
				CLANG_WARN_QUOTED_INCLUDE_IN_FRAMEWORK_HEADER = YES;
				CLANG_WARN_RANGE_LOOP_ANALYSIS = YES;
				CLANG_WARN_STRICT_PROTOTYPES = YES;
				CLANG_WARN_SUSPICIOUS_MOVE = YES;
				CLANG_WARN_UNGUARDED_AVAILABILITY = YES_AGGRESSIVE;
				CLANG_WARN_UNREACHABLE_CODE = YES;
				CLANG_WARN__DUPLICATE_METHOD_MATCH = YES;
				COPY_PHASE_STRIP = NO;
				DEBUG_INFORMATION_FORMAT = "dwarf-with-dsym";
				ENABLE_NS_ASSERTIONS = NO;
				ENABLE_STRICT_OBJC_MSGSEND = YES;
				GCC_C_LANGUAGE_STANDARD = gnu11;
				GCC_NO_COMMON_BLOCKS = YES;
				GCC_WARN_64_TO_32_BIT_CONVERSION = YES;
				GCC_WARN_ABOUT_RETURN_TYPE = YES_ERROR;
				GCC_WARN_UNDECLARED_SELECTOR = YES;
				GCC_WARN_UNINITIALIZED_AUTOS = YES_AGGRESSIVE;
				GCC_WARN_UNUSED_FUNCTION = YES;
				GCC_WARN_UNUSED_VARIABLE = YES;
				IPHONEOS_DEPLOYMENT_TARGET = 16.1;
				MTL_ENABLE_DEBUG_INFO = NO;
				MTL_FAST_MATH = YES;
				SDKROOT = iphoneos;
				SWIFT_COMPILATION_MODE = wholemodule;
				SWIFT_OPTIMIZATION_LEVEL = "-O";
				VALIDATE_PRODUCT = YES;
			};
			name = Release;
		};
		77E32B1B2B58553B00469EF7 /* Debug */ = {
			isa = XCBuildConfiguration;
			baseConfigurationReference = 372B9D53FB540E970CB144C4 /* Pods-RxSwiftTutorialApp.debug.xcconfig */;
			buildSettings = {
				ASSETCATALOG_COMPILER_APPICON_NAME = AppIcon;
				ASSETCATALOG_COMPILER_GLOBAL_ACCENT_COLOR_NAME = AccentColor;
				CODE_SIGN_STYLE = Automatic;
				CURRENT_PROJECT_VERSION = 1;
				DEVELOPMENT_TEAM = X92UUHFVDD;
				GENERATE_INFOPLIST_FILE = YES;
				INFOPLIST_FILE = RxSwiftTutorialApp/Info.plist;
				INFOPLIST_KEY_UIApplicationSupportsIndirectInputEvents = YES;
				INFOPLIST_KEY_UILaunchStoryboardName = LaunchScreen;
				INFOPLIST_KEY_UISupportedInterfaceOrientations = UIInterfaceOrientationPortrait;
				INFOPLIST_KEY_UISupportedInterfaceOrientations_iPad = "UIInterfaceOrientationLandscapeRight UIInterfaceOrientationPortrait";
				IPHONEOS_DEPLOYMENT_TARGET = 15.0;
				LD_RUNPATH_SEARCH_PATHS = (
					"$(inherited)",
					"@executable_path/Frameworks",
				);
				MARKETING_VERSION = 1.0;
				PRODUCT_BUNDLE_IDENTIFIER = com.dmitrysamusenko.RxSwiftTutorialApp;
				PRODUCT_NAME = "$(TARGET_NAME)";
				SUPPORTED_PLATFORMS = "iphoneos iphonesimulator";
				SUPPORTS_MACCATALYST = NO;
				SUPPORTS_MAC_DESIGNED_FOR_IPHONE_IPAD = YES;
				SWIFT_EMIT_LOC_STRINGS = YES;
				SWIFT_VERSION = 5.0;
				TARGETED_DEVICE_FAMILY = 1;
			};
			name = Debug;
		};
		77E32B1C2B58553B00469EF7 /* Release */ = {
			isa = XCBuildConfiguration;
			baseConfigurationReference = 6F94E52D9CC0F80A9E7ECAE9 /* Pods-RxSwiftTutorialApp.release.xcconfig */;
			buildSettings = {
				ASSETCATALOG_COMPILER_APPICON_NAME = AppIcon;
				ASSETCATALOG_COMPILER_GLOBAL_ACCENT_COLOR_NAME = AccentColor;
				CODE_SIGN_STYLE = Automatic;
				CURRENT_PROJECT_VERSION = 1;
				DEVELOPMENT_TEAM = X92UUHFVDD;
				GENERATE_INFOPLIST_FILE = YES;
				INFOPLIST_FILE = RxSwiftTutorialApp/Info.plist;
				INFOPLIST_KEY_UIApplicationSupportsIndirectInputEvents = YES;
				INFOPLIST_KEY_UILaunchStoryboardName = LaunchScreen;
				INFOPLIST_KEY_UISupportedInterfaceOrientations = UIInterfaceOrientationPortrait;
				INFOPLIST_KEY_UISupportedInterfaceOrientations_iPad = "UIInterfaceOrientationLandscapeRight UIInterfaceOrientationPortrait";
				IPHONEOS_DEPLOYMENT_TARGET = 15.0;
				LD_RUNPATH_SEARCH_PATHS = (
					"$(inherited)",
					"@executable_path/Frameworks",
				);
				MARKETING_VERSION = 1.0;
				PRODUCT_BUNDLE_IDENTIFIER = com.dmitrysamusenko.RxSwiftTutorialApp;
				PRODUCT_NAME = "$(TARGET_NAME)";
				SUPPORTED_PLATFORMS = "iphoneos iphonesimulator";
				SUPPORTS_MACCATALYST = NO;
				SUPPORTS_MAC_DESIGNED_FOR_IPHONE_IPAD = YES;
				SWIFT_EMIT_LOC_STRINGS = YES;
				SWIFT_VERSION = 5.0;
				TARGETED_DEVICE_FAMILY = 1;
			};
			name = Release;
		};
/* End XCBuildConfiguration section */

/* Begin XCConfigurationList section */
		77E32B012B58551600469EF7 /* Build configuration list for PBXProject "RxSwiftTutorialApp" */ = {
			isa = XCConfigurationList;
			buildConfigurations = (
				77E32B182B58553B00469EF7 /* Debug */,
				77E32B192B58553B00469EF7 /* Release */,
			);
			defaultConfigurationIsVisible = 0;
			defaultConfigurationName = Release;
		};
		77E32B1A2B58553B00469EF7 /* Build configuration list for PBXNativeTarget "RxSwiftTutorialApp" */ = {
			isa = XCConfigurationList;
			buildConfigurations = (
				77E32B1B2B58553B00469EF7 /* Debug */,
				77E32B1C2B58553B00469EF7 /* Release */,
			);
			defaultConfigurationIsVisible = 0;
			defaultConfigurationName = Release;
		};
/* End XCConfigurationList section */
	};
	rootObject = 77E32AFE2B58551600469EF7 /* Project object */;
}
